
Microsoft Visual Studio Solution File, Format Version 12.00
# Visual Studio Version 16
VisualStudioVersion = 16.0.30225.117
MinimumVisualStudioVersion = 10.0.40219.1
Project("{9A19103F-16F7-4668-BE54-9A1E7A4F7556}") = "AgileEngineTestTask.Api", "AgileEngineTestTask.Api\AgileEngineTestTask.Api.csproj", "{E6EC7666-C217-4FCB-B20E-45A3EFBC3A0D}"
EndProject
Project("{FAE04EC0-301F-11D3-BF4B-00C04F79EFBC}") = "AgileEngineTestTask.Application", "AgileEngineTestTask.Application\AgileEngineTestTask.Application.csproj", "{B7CABCF7-EFF2-4227-8CF9-415268CC7610}"
EndProject
Global
	GlobalSection(SolutionConfigurationPlatforms) = preSolution
		Debug|Any CPU = Debug|Any CPU
		Release|Any CPU = Release|Any CPU
	EndGlobalSection
	GlobalSection(ProjectConfigurationPlatforms) = postSolution
		{E6EC7666-C217-4FCB-B20E-45A3EFBC3A0D}.Debug|Any CPU.ActiveCfg = Debug|Any CPU
		{E6EC7666-C217-4FCB-B20E-45A3EFBC3A0D}.Debug|Any CPU.Build.0 = Debug|Any CPU
		{E6EC7666-C217-4FCB-B20E-45A3EFBC3A0D}.Release|Any CPU.ActiveCfg = Release|Any CPU
		{E6EC7666-C217-4FCB-B20E-45A3EFBC3A0D}.Release|Any CPU.Build.0 = Release|Any CPU
		{B7CABCF7-EFF2-4227-8CF9-415268CC7610}.Debug|Any CPU.ActiveCfg = Debug|Any CPU
		{B7CABCF7-EFF2-4227-8CF9-415268CC7610}.Debug|Any CPU.Build.0 = Debug|Any CPU
		{B7CABCF7-EFF2-4227-8CF9-415268CC7610}.Release|Any CPU.ActiveCfg = Release|Any CPU
		{B7CABCF7-EFF2-4227-8CF9-415268CC7610}.Release|Any CPU.Build.0 = Release|Any CPU
	EndGlobalSection
	GlobalSection(SolutionProperties) = preSolution
		HideSolutionNode = FALSE
	EndGlobalSection
	GlobalSection(ExtensibilityGlobals) = postSolution
		SolutionGuid = {D54942F6-0F99-4740-98B0-33D57E34A29B}
	EndGlobalSection
EndGlobal
